
Microsoft Visual Studio Solution File, Format Version 12.00
# Visual Studio Version 17
VisualStudioVersion = 17.0.32014.148
MinimumVisualStudioVersion = 10.0.40219.1
Project("{8BC9CEB8-8B4A-11D0-8D11-00A0C91BC942}") = "RIZE-Gate", "RIZE-Gate.vcxproj", "{3A87F309-BF91-4476-B554-53FF581E2E02}"
EndProject
Global
	GlobalSection(SolutionConfigurationPlatforms) = preSolution
		Debug|x64 = Debug|x64
		Release|x64 = Release|x64
	EndGlobalSection
	GlobalSection(ProjectConfigurationPlatforms) = postSolution
		{3A87F309-BF91-4476-B554-53FF581E2E02}.Debug|x64.ActiveCfg = Debug|x64
		{3A87F309-BF91-4476-B554-53FF581E2E02}.Debug|x64.Build.0 = Debug|x64
		{3A87F309-BF91-4476-B554-53FF581E2E02}.Release|x64.ActiveCfg = Release|x64
		{3A87F309-BF91-4476-B554-53FF581E2E02}.Release|x64.Build.0 = Release|x64
	EndGlobalSection
	GlobalSection(SolutionProperties) = preSolution
		HideSolutionNode = FALSE
	EndGlobalSection
	GlobalSection(ExtensibilityGlobals) = postSolution
		SolutionGuid = {78A4D105-C2C5-40D4-89A8-578FA6E6535F}
	EndGlobalSection
EndGlobal
